
Microsoft Visual Studio Solution File, Format Version 12.00
# Visual Studio 15
VisualStudioVersion = 15.0.27703.2000
MinimumVisualStudioVersion = 10.0.40219.1
Project("{FAE04EC0-301F-11D3-BF4B-00C04F79EFBC}") = "Fibonacci", "Fibonacci\Fibonacci.csproj", "{76E3E66A-9046-4FF5-A387-A900AE0D20F2}"
EndProject
Global
	GlobalSection(SolutionConfigurationPlatforms) = preSolution
		Debug|Any CPU = Debug|Any CPU
		Release|Any CPU = Release|Any CPU
	EndGlobalSection
	GlobalSection(ProjectConfigurationPlatforms) = postSolution
		{76E3E66A-9046-4FF5-A387-A900AE0D20F2}.Debug|Any CPU.ActiveCfg = Debug|Any CPU
		{76E3E66A-9046-4FF5-A387-A900AE0D20F2}.Debug|Any CPU.Build.0 = Debug|Any CPU
		{76E3E66A-9046-4FF5-A387-A900AE0D20F2}.Release|Any CPU.ActiveCfg = Release|Any CPU
		{76E3E66A-9046-4FF5-A387-A900AE0D20F2}.Release|Any CPU.Build.0 = Release|Any CPU
	EndGlobalSection
	GlobalSection(SolutionProperties) = preSolution
		HideSolutionNode = FALSE
	EndGlobalSection
	GlobalSection(ExtensibilityGlobals) = postSolution
		SolutionGuid = {4D280E87-7807-404F-9F3A-5C6947AEA5F6}
	EndGlobalSection
EndGlobal
