
Microsoft Visual Studio Solution File, Format Version 12.00
# Visual Studio 15
VisualStudioVersion = 15.0.27703.2000
MinimumVisualStudioVersion = 10.0.40219.1
Project("{FAE04EC0-301F-11D3-BF4B-00C04F79EFBC}") = "CaixaEletronico", "CaixaEletronico\CaixaEletronico.csproj", "{042D2D13-6B0F-4E3D-A4EA-4459E6A9F17E}"
EndProject
Global
	GlobalSection(SolutionConfigurationPlatforms) = preSolution
		Debug|Any CPU = Debug|Any CPU
		Release|Any CPU = Release|Any CPU
	EndGlobalSection
	GlobalSection(ProjectConfigurationPlatforms) = postSolution
		{042D2D13-6B0F-4E3D-A4EA-4459E6A9F17E}.Debug|Any CPU.ActiveCfg = Debug|Any CPU
		{042D2D13-6B0F-4E3D-A4EA-4459E6A9F17E}.Debug|Any CPU.Build.0 = Debug|Any CPU
		{042D2D13-6B0F-4E3D-A4EA-4459E6A9F17E}.Release|Any CPU.ActiveCfg = Release|Any CPU
		{042D2D13-6B0F-4E3D-A4EA-4459E6A9F17E}.Release|Any CPU.Build.0 = Release|Any CPU
	EndGlobalSection
	GlobalSection(SolutionProperties) = preSolution
		HideSolutionNode = FALSE
	EndGlobalSection
	GlobalSection(ExtensibilityGlobals) = postSolution
		SolutionGuid = {5ECB0A33-B3A9-4054-93D9-184E462AA778}
	EndGlobalSection
EndGlobal
