
Microsoft Visual Studio Solution File, Format Version 12.00
# Visual Studio 15
VisualStudioVersion = 15.0.27703.2042
MinimumVisualStudioVersion = 10.0.40219.1
Project("{FAE04EC0-301F-11D3-BF4B-00C04F79EFBC}") = "Reflection", "Reflection\Reflection.csproj", "{61122C47-82CF-4716-951B-9F3FA48E4379}"
EndProject
Global
	GlobalSection(SolutionConfigurationPlatforms) = preSolution
		Debug|Any CPU = Debug|Any CPU
		Release|Any CPU = Release|Any CPU
	EndGlobalSection
	GlobalSection(ProjectConfigurationPlatforms) = postSolution
		{61122C47-82CF-4716-951B-9F3FA48E4379}.Debug|Any CPU.ActiveCfg = Debug|Any CPU
		{61122C47-82CF-4716-951B-9F3FA48E4379}.Debug|Any CPU.Build.0 = Debug|Any CPU
		{61122C47-82CF-4716-951B-9F3FA48E4379}.Release|Any CPU.ActiveCfg = Release|Any CPU
		{61122C47-82CF-4716-951B-9F3FA48E4379}.Release|Any CPU.Build.0 = Release|Any CPU
	EndGlobalSection
	GlobalSection(SolutionProperties) = preSolution
		HideSolutionNode = FALSE
	EndGlobalSection
	GlobalSection(ExtensibilityGlobals) = postSolution
		SolutionGuid = {51306FE1-4AA9-41F0-B56E-809DB6A0AD74}
	EndGlobalSection
EndGlobal
