
Microsoft Visual Studio Solution File, Format Version 12.00
# Visual Studio 15
VisualStudioVersion = 15.0.27703.2000
MinimumVisualStudioVersion = 10.0.40219.1
Project("{FAE04EC0-301F-11D3-BF4B-00C04F79EFBC}") = "Soma num de 1 a 100", "Soma num de 1 a 100\Soma num de 1 a 100.csproj", "{BBE82A6C-A414-4A4F-A8DC-796D8A1DD937}"
EndProject
Global
	GlobalSection(SolutionConfigurationPlatforms) = preSolution
		Debug|Any CPU = Debug|Any CPU
		Release|Any CPU = Release|Any CPU
	EndGlobalSection
	GlobalSection(ProjectConfigurationPlatforms) = postSolution
		{BBE82A6C-A414-4A4F-A8DC-796D8A1DD937}.Debug|Any CPU.ActiveCfg = Debug|Any CPU
		{BBE82A6C-A414-4A4F-A8DC-796D8A1DD937}.Debug|Any CPU.Build.0 = Debug|Any CPU
		{BBE82A6C-A414-4A4F-A8DC-796D8A1DD937}.Release|Any CPU.ActiveCfg = Release|Any CPU
		{BBE82A6C-A414-4A4F-A8DC-796D8A1DD937}.Release|Any CPU.Build.0 = Release|Any CPU
	EndGlobalSection
	GlobalSection(SolutionProperties) = preSolution
		HideSolutionNode = FALSE
	EndGlobalSection
	GlobalSection(ExtensibilityGlobals) = postSolution
		SolutionGuid = {FBA6AC5B-66A6-440A-A2EB-6581EFA71506}
	EndGlobalSection
EndGlobal
