
Microsoft Visual Studio Solution File, Format Version 12.00
# Visual Studio 15
VisualStudioVersion = 15.0.27703.2000
MinimumVisualStudioVersion = 10.0.40219.1
Project("{FAE04EC0-301F-11D3-BF4B-00C04F79EFBC}") = "Fatorial", "Fatorial\Fatorial.csproj", "{83725405-B747-4E8C-9BA2-FBD9E1A0687D}"
EndProject
Global
	GlobalSection(SolutionConfigurationPlatforms) = preSolution
		Debug|Any CPU = Debug|Any CPU
		Release|Any CPU = Release|Any CPU
	EndGlobalSection
	GlobalSection(ProjectConfigurationPlatforms) = postSolution
		{83725405-B747-4E8C-9BA2-FBD9E1A0687D}.Debug|Any CPU.ActiveCfg = Debug|Any CPU
		{83725405-B747-4E8C-9BA2-FBD9E1A0687D}.Debug|Any CPU.Build.0 = Debug|Any CPU
		{83725405-B747-4E8C-9BA2-FBD9E1A0687D}.Release|Any CPU.ActiveCfg = Release|Any CPU
		{83725405-B747-4E8C-9BA2-FBD9E1A0687D}.Release|Any CPU.Build.0 = Release|Any CPU
	EndGlobalSection
	GlobalSection(SolutionProperties) = preSolution
		HideSolutionNode = FALSE
	EndGlobalSection
	GlobalSection(ExtensibilityGlobals) = postSolution
		SolutionGuid = {E23CF70C-C825-47B9-9BE3-00BAFDC4550E}
	EndGlobalSection
EndGlobal
